
Microsoft Visual Studio Solution File, Format Version 12.00
# Visual Studio Version 16
VisualStudioVersion = 16.0.30907.101
MinimumVisualStudioVersion = 10.0.40219.1
Project("{FAE04EC0-301F-11D3-BF4B-00C04F79EFBC}") = "StreamYoutube", "StreamYoutube\StreamYoutube.csproj", "{2035902D-64A2-4926-AC26-127CCE449EF4}"
EndProject
Global
	GlobalSection(SolutionConfigurationPlatforms) = preSolution
		Debug|Any CPU = Debug|Any CPU
		Release|Any CPU = Release|Any CPU
	EndGlobalSection
	GlobalSection(ProjectConfigurationPlatforms) = postSolution
		{2035902D-64A2-4926-AC26-127CCE449EF4}.Debug|Any CPU.ActiveCfg = Debug|Any CPU
		{2035902D-64A2-4926-AC26-127CCE449EF4}.Debug|Any CPU.Build.0 = Debug|Any CPU
		{2035902D-64A2-4926-AC26-127CCE449EF4}.Release|Any CPU.ActiveCfg = Release|Any CPU
		{2035902D-64A2-4926-AC26-127CCE449EF4}.Release|Any CPU.Build.0 = Release|Any CPU
	EndGlobalSection
	GlobalSection(SolutionProperties) = preSolution
		HideSolutionNode = FALSE
	EndGlobalSection
	GlobalSection(ExtensibilityGlobals) = postSolution
		SolutionGuid = {09EEBDC5-043B-4CF8-B6BB-CF16266E0747}
	EndGlobalSection
EndGlobal
